lockfileVersion: '6.1'

settings:
  autoInstallPeers: true
  excludeLinksFromLockfile: false

dependencies:
  '@rails/ujs':
    specifier: 7.0.5
    version: 7.0.5

devDependencies:
  '@types/rails__ujs':
    specifier: ^6.0.1
    version: 6.0.1
  esbuild:
    specifier: ^0.18.6
    version: 0.18.6
  sass:
    specifier: ^1.63.6
    version: 1.63.6
  typescript:
    specifier: ^5.1.3
    version: 5.1.3

packages:

  /@esbuild/android-arm64@0.18.6:
    resolution: {integrity: sha512-pL0Ci8P9q1sWbtPx8CXbc8JvPvvYdJJQ+LO09PLFsbz3aYNdFBGWJjiHU+CaObO4Ames+GOFpXRAJZS2L3ZK/A==}
    engines: {node: '>=12'}
    cpu: [arm64]
    os: [android]
    requiresBuild: true
    dev: true
    optional: true

  /@esbuild/android-arm@0.18.6:
    resolution: {integrity: sha512-J3lwhDSXBBppSzm/LC1uZ8yKSIpExc+5T8MxrYD9KNVZG81FOAu2VF2gXi/6A/LwDDQQ+b6DpQbYlo3VwxFepQ==}
    engines: {node: '>=12'}
    cpu: [arm]
    os: [android]
    requiresBuild: true
    dev: true
    optional: true

  /@esbuild/android-x64@0.18.6:
    resolution: {integrity: sha512-hE2vZxOlJ05aY28lUpB0y0RokngtZtcUB+TVl9vnLEnY0z/8BicSvrkThg5/iI1rbf8TwXrbr2heEjl9fLf+EA==}
    engines: {node: '>=12'}
    cpu: [x64]
    os: [android]
    requiresBuild: true
    dev: true
    optional: true

  /@esbuild/darwin-arm64@0.18.6:
    resolution: {integrity: sha512-/tuyl4R+QhhoROQtuQj9E/yfJtZNdv2HKaHwYhhHGQDN1Teziem2Kh7BWQMumfiY7Lu9g5rO7scWdGE4OsQ6MQ==}
    engines: {node: '>=12'}
    cpu: [arm64]
    os: [darwin]
    requiresBuild: true
    dev: true
    optional: true

  /@esbuild/darwin-x64@0.18.6:
    resolution: {integrity: sha512-L7IQga2pDT+14Ti8HZwsVfbCjuKP4U213T3tuPggOzyK/p4KaUJxQFXJgfUFHKzU0zOXx8QcYRYZf0hSQtppkw==}
    engines: {node: '>=12'}
    cpu: [x64]
    os: [darwin]
    requiresBuild: true
    dev: true
    optional: true

  /@esbuild/freebsd-arm64@0.18.6:
    resolution: {integrity: sha512-bq10jFv42V20Kk77NvmO+WEZaLHBKuXcvEowixnBOMkaBgS7kQaqTc77ZJDbsUpXU3KKNLQFZctfaeINmeTsZA==}
    engines: {node: '>=12'}
    cpu: [arm64]
    os: [freebsd]
    requiresBuild: true
    dev: true
    optional: true

  /@esbuild/freebsd-x64@0.18.6:
    resolution: {integrity: sha512-HbDLlkDZqUMBQaiday0pJzB6/8Xx/10dI3xRebJBReOEeDSeS+7GzTtW9h8ZnfB7/wBCqvtAjGtWQLTNPbR2+g==}
    engines: {node: '>=12'}
    cpu: [x64]
    os: [freebsd]
    requiresBuild: true
    dev: true
    optional: true

  /@esbuild/linux-arm64@0.18.6:
    resolution: {integrity: sha512-NMY9yg/88MskEZH2s4i6biz/3av+M8xY5ua4HE7CCz5DBz542cr7REe317+v7oKjnYBCijHpkzo5vU85bkXQmQ==}
    engines: {node: '>=12'}
    cpu: [arm64]
    os: [linux]
    requiresBuild: true
    dev: true
    optional: true

  /@esbuild/linux-arm@0.18.6:
    resolution: {integrity: sha512-C+5kb6rgsGMmvIdUI7v1PPgC98A6BMv233e97aXZ5AE03iMdlILFD/20HlHrOi0x2CzbspXn9HOnlE4/Ijn5Kw==}
    engines: {node: '>=12'}
    cpu: [arm]
    os: [linux]
    requiresBuild: true
    dev: true
    optional: true

  /@esbuild/linux-ia32@0.18.6:
    resolution: {integrity: sha512-AXazA0ljvQEp7cA9jscABNXsjodKbEcqPcAE3rDzKN82Vb3lYOq6INd+HOCA7hk8IegEyHW4T72Z7QGIhyCQEA==}
    engines: {node: '>=12'}
    cpu: [ia32]
    os: [linux]
    requiresBuild: true
    dev: true
    optional: true

  /@esbuild/linux-loong64@0.18.6:
    resolution: {integrity: sha512-JjBf7TwY7ldcPgHYt9UcrjZB03+WZqg/jSwMAfzOzM5ZG+tu5umUqzy5ugH/crGI4eoDIhSOTDp1NL3Uo/05Fw==}
    engines: {node: '>=12'}
    cpu: [loong64]
    os: [linux]
    requiresBuild: true
    dev: true
    optional: true

  /@esbuild/linux-mips64el@0.18.6:
    resolution: {integrity: sha512-kATNsslryVxcH1sO3KP2nnyUWtZZVkgyhAUnyTVVa0OQQ9pmDRjTpHaE+2EQHoCM5wt/uav2edrAUqbwn3tkKQ==}
    engines: {node: '>=12'}
    cpu: [mips64el]
    os: [linux]
    requiresBuild: true
    dev: true
    optional: true

  /@esbuild/linux-ppc64@0.18.6:
    resolution: {integrity: sha512-B+wTKz+8pi7mcWXFQV0LA79dJ+qhiut5uK9q0omoKnq8yRIwQJwfg3/vclXoqqcX89Ri5Y5538V0Se2v5qlcLA==}
    engines: {node: '>=12'}
    cpu: [ppc64]
    os: [linux]
    requiresBuild: true
    dev: true
    optional: true

  /@esbuild/linux-riscv64@0.18.6:
    resolution: {integrity: sha512-h44RBLVXFUSjvhOfseE+5UxQ/r9LVeqK2S8JziJKOm9W7SePYRPDyn7MhzhNCCFPkcjIy+soCxfhlJXHXXCR0A==}
    engines: {node: '>=12'}
    cpu: [riscv64]
    os: [linux]
    requiresBuild: true
    dev: true
    optional: true

  /@esbuild/linux-s390x@0.18.6:
    resolution: {integrity: sha512-FlYpyr2Xc2AUePoAbc84NRV+mj7xpsISeQ36HGf9etrY5rTBEA+IU9HzWVmw5mDFtC62EQxzkLRj8h5Hq85yOQ==}
    engines: {node: '>=12'}
    cpu: [s390x]
    os: [linux]
    requiresBuild: true
    dev: true
    optional: true

  /@esbuild/linux-x64@0.18.6:
    resolution: {integrity: sha512-Mc4EUSYwzLci77u0Kao6ajB2WbTe5fNc7+lHwS3a+vJISC/oprwURezUYu1SdWAYoczbsyOvKAJwuNftoAdjjg==}
    engines: {node: '>=12'}
    cpu: [x64]
    os: [linux]
    requiresBuild: true
    dev: true
    optional: true

  /@esbuild/netbsd-x64@0.18.6:
    resolution: {integrity: sha512-3hgZlp7NqIM5lNG3fpdhBI5rUnPmdahraSmwAi+YX/bp7iZ7mpTv2NkypGs/XngdMtpzljICxnUG3uPfqLFd3w==}
    engines: {node: '>=12'}
    cpu: [x64]
    os: [netbsd]
    requiresBuild: true
    dev: true
    optional: true

  /@esbuild/openbsd-x64@0.18.6:
    resolution: {integrity: sha512-aEWTdZQHtSRROlDYn7ygB8yAqtnall/UnmoVIJVqccKitkAWVVSYocQUWrBOxLEFk8XdlRouVrLZe6WXszyviA==}
    engines: {node: '>=12'}
    cpu: [x64]
    os: [openbsd]
    requiresBuild: true
    dev: true
    optional: true

  /@esbuild/sunos-x64@0.18.6:
    resolution: {integrity: sha512-uxk/5yAGpjKZUHOECtI9W+9IcLjKj+2m0qf+RG7f7eRBHr8wP6wsr3XbNbgtOD1qSpPapd6R2ZfSeXTkCcAo5g==}
    engines: {node: '>=12'}
    cpu: [x64]
    os: [sunos]
    requiresBuild: true
    dev: true
    optional: true

  /@esbuild/win32-arm64@0.18.6:
    resolution: {integrity: sha512-oXlXGS9zvNCGoAT/tLHAsFKrIKye1JaIIP0anCdpaI+Dc10ftaNZcqfLzEwyhdzFAYInXYH4V7kEdH4hPyo9GA==}
    engines: {node: '>=12'}
    cpu: [arm64]
    os: [win32]
    requiresBuild: true
    dev: true
    optional: true

  /@esbuild/win32-ia32@0.18.6:
    resolution: {integrity: sha512-qh7IcAHUvvmMBmoIG+V+BbE9ZWSR0ohF51e5g8JZvU08kZF58uDFL5tHs0eoYz31H6Finv17te3W3QB042GqVA==}
    engines: {node: '>=12'}
    cpu: [ia32]
    os: [win32]
    requiresBuild: true
    dev: true
    optional: true

  /@esbuild/win32-x64@0.18.6:
    resolution: {integrity: sha512-9UDwkz7Wlm4N9jnv+4NL7F8vxLhSZfEkRArz2gD33HesAFfMLGIGNVXRoIHtWNw8feKsnGly9Hq1EUuRkWl0zA==}
    engines: {node: '>=12'}
    cpu: [x64]
    os: [win32]
    requiresBuild: true
    dev: true
    optional: true

  /@rails/ujs@7.0.5:
    resolution: {integrity: sha512-/wQ6v4DGxhxflPWoLwGkOQoKbtIXx/LsVNKd8shRM+/HXxlVBEb+F5znN99TlxX8e/R3dN6anTPAqA+mfA5YtQ==}
    dev: false

  /@types/rails__ujs@6.0.1:
    resolution: {integrity: sha512-CVwNOdzTQ9qn6X6HPwx6ikH1T9ueJTdfjwFlXFhGvzXsQuESUksibfSosgxs1D/Q1kVEpjxeXD2RzqJv0Ma5Gw==}
    dev: true

  /anymatch@3.1.3:
    resolution: {integrity: sha512-KMReFUr0B4t+D+OBkjR3KYqvocp2XaSzO55UcB6mgQMd3KbcE+mWTyvVV7D/zsdEbNnV6acZUutkiHQXvTr1Rw==}
    engines: {node: '>= 8'}
    dependencies:
      normalize-path: 3.0.0
      picomatch: 2.3.1
    dev: true

  /binary-extensions@2.2.0:
    resolution: {integrity: sha512-jDctJ/IVQbZoJykoeHbhXpOlNBqGNcwXJKJog42E5HDPUwQTSdjCHdihjj0DlnheQ7blbT6dHOafNAiS8ooQKA==}
    engines: {node: '>=8'}
    dev: true

  /braces@3.0.2:
    resolution: {integrity: sha512-b8um+L1RzM3WDSzvhm6gIz1yfTbBt6YTlcEKAvsmqCZZFw46z626lVj9j1yEPW33H5H+lBQpZMP1k8l+78Ha0A==}
    engines: {node: '>=8'}
    dependencies:
      fill-range: 7.0.1
    dev: true

  /chokidar@3.5.3:
    resolution: {integrity: sha512-Dr3sfKRP6oTcjf2JmUmFJfeVMvXBdegxB0iVQ5eb2V10uFJUCAS8OByZdVAyVb8xXNz3GjjTgj9kLWsZTqE6kw==}
    engines: {node: '>= 8.10.0'}
    dependencies:
      anymatch: 3.1.3
      braces: 3.0.2
      glob-parent: 5.1.2
      is-binary-path: 2.1.0
      is-glob: 4.0.3
      normalize-path: 3.0.0
      readdirp: 3.6.0
    optionalDependencies:
      fsevents: 2.3.2
    dev: true

  /esbuild@0.18.6:
    resolution: {integrity: sha512-5QgxWaAhU/tPBpvkxUmnFv2YINHuZzjbk0LeUUnC2i3aJHjfi5yR49lgKgF7cb98bclOp/kans8M5TGbGFfJlQ==}
    engines: {node: '>=12'}
    hasBin: true
    requiresBuild: true
    optionalDependencies:
      '@esbuild/android-arm': 0.18.6
      '@esbuild/android-arm64': 0.18.6
      '@esbuild/android-x64': 0.18.6
      '@esbuild/darwin-arm64': 0.18.6
      '@esbuild/darwin-x64': 0.18.6
      '@esbuild/freebsd-arm64': 0.18.6
      '@esbuild/freebsd-x64': 0.18.6
      '@esbuild/linux-arm': 0.18.6
      '@esbuild/linux-arm64': 0.18.6
      '@esbuild/linux-ia32': 0.18.6
      '@esbuild/linux-loong64': 0.18.6
      '@esbuild/linux-mips64el': 0.18.6
      '@esbuild/linux-ppc64': 0.18.6
      '@esbuild/linux-riscv64': 0.18.6
      '@esbuild/linux-s390x': 0.18.6
      '@esbuild/linux-x64': 0.18.6
      '@esbuild/netbsd-x64': 0.18.6
      '@esbuild/openbsd-x64': 0.18.6
      '@esbuild/sunos-x64': 0.18.6
      '@esbuild/win32-arm64': 0.18.6
      '@esbuild/win32-ia32': 0.18.6
      '@esbuild/win32-x64': 0.18.6
    dev: true

  /fill-range@7.0.1:
    resolution: {integrity: sha512-qOo9F+dMUmC2Lcb4BbVvnKJxTPjCm+RRpe4gDuGrzkL7mEVl/djYSu2OdQ2Pa302N4oqkSg9ir6jaLWJ2USVpQ==}
    engines: {node: '>=8'}
    dependencies:
      to-regex-range: 5.0.1
    dev: true

  /fsevents@2.3.2:
    resolution: {integrity: sha512-xiqMQR4xAeHTuB9uWm+fFRcIOgKBMiOBP+eXiyT7jsgVCq1bkVygt00oASowB7EdtpOHaaPgKt812P9ab+DDKA==}
    engines: {node: ^8.16.0 || ^10.6.0 || >=11.0.0}
    os: [darwin]
    requiresBuild: true
    dev: true
    optional: true

  /glob-parent@5.1.2:
    resolution: {integrity: sha512-AOIgSQCepiJYwP3ARnGx+5VnTu2HBYdzbGP45eLw1vr3zB3vZLeyed1sC9hnbcOc9/SrMyM5RPQrkGz4aS9Zow==}
    engines: {node: '>= 6'}
    dependencies:
      is-glob: 4.0.3
    dev: true

  /immutable@4.3.0:
    resolution: {integrity: sha512-0AOCmOip+xgJwEVTQj1EfiDDOkPmuyllDuTuEX+DDXUgapLAsBIfkg3sxCYyCEA8mQqZrrxPUGjcOQ2JS3WLkg==}
    dev: true

  /is-binary-path@2.1.0:
    resolution: {integrity: sha512-ZMERYes6pDydyuGidse7OsHxtbI7WVeUEozgR/g7rd0xUimYNlvZRE/K2MgZTjWy725IfelLeVcEM97mmtRGXw==}
    engines: {node: '>=8'}
    dependencies:
      binary-extensions: 2.2.0
    dev: true

  /is-extglob@2.1.1:
    resolution: {integrity: sha512-SbKbANkN603Vi4jEZv49LeVJMn4yGwsbzZworEoyEiutsN3nJYdbO36zfhGJ6QEDpOZIFkDtnq5JRxmvl3jsoQ==}
    engines: {node: '>=0.10.0'}
    dev: true

  /is-glob@4.0.3:
    resolution: {integrity: sha512-xelSayHH36ZgE7ZWhli7pW34hNbNl8Ojv5KVmkJD4hBdD3th8Tfk9vYasLM+mXWOZhFkgZfxhLSnrwRr4elSSg==}
    engines: {node: '>=0.10.0'}
    dependencies:
      is-extglob: 2.1.1
    dev: true

  /is-number@7.0.0:
    resolution: {integrity: sha512-41Cifkg6e8TylSpdtTpeLVMqvSBEVzTttHvERD741+pnZ8ANv0004MRL43QKPDlK9cGvNp6NZWZUBlbGXYxxng==}
    engines: {node: '>=0.12.0'}
    dev: true

  /normalize-path@3.0.0:
    resolution: {integrity: sha512-6eZs5Ls3WtCisHWp9S2GUy8dqkpGi4BVSz3GaqiE6ezub0512ESztXUwUB6C6IKbQkY2Pnb/mD4WYojCRwcwLA==}
    engines: {node: '>=0.10.0'}
    dev: true

  /picomatch@2.3.1:
    resolution: {integrity: sha512-JU3teHTNjmE2VCGFzuY8EXzCDVwEqB2a8fsIvwaStHhAWJEeVd1o1QD80CU6+ZdEXXSLbSsuLwJjkCBWqRQUVA==}
    engines: {node: '>=8.6'}
    dev: true

  /readdirp@3.6.0:
    resolution: {integrity: sha512-hOS089on8RduqdbhvQ5Z37A0ESjsqz6qnRcffsMU3495FuTdqSm+7bhJ29JvIOsBDEEnan5DPu9t3To9VRlMzA==}
    engines: {node: '>=8.10.0'}
    dependencies:
      picomatch: 2.3.1
    dev: true

  /sass@1.63.6:
    resolution: {integrity: sha512-MJuxGMHzaOW7ipp+1KdELtqKbfAWbH7OLIdoSMnVe3EXPMTmxTmlaZDCTsgIpPCs3w99lLo9/zDKkOrJuT5byw==}
    engines: {node: '>=14.0.0'}
    hasBin: true
    dependencies:
      chokidar: 3.5.3
      immutable: 4.3.0
      source-map-js: 1.0.2
    dev: true

  /source-map-js@1.0.2:
    resolution: {integrity: sha512-R0XvVJ9WusLiqTCEiGCmICCMplcCkIwwR11mOSD9CR5u+IXYdiseeEuXCVAjS54zqwkLcPNnmU4OeJ6tUrWhDw==}
    engines: {node: '>=0.10.0'}
    dev: true

  /to-regex-range@5.0.1:
    resolution: {integrity: sha512-65P7iz6X5yEr1cwcgvQxbbIw7Uk3gOy5dIdtZ4rDveLqhrdJP+Li/Hx6tyK0NEb+2GCyneCMJiGqrADCSNk8sQ==}
    engines: {node: '>=8.0'}
    dependencies:
      is-number: 7.0.0
    dev: true

  /typescript@5.1.3:
    resolution: {integrity: sha512-XH627E9vkeqhlZFQuL+UsyAXEnibT0kWR2FWONlr4sTjvxyJYnyefgrkyECLzM5NenmKzRAy2rR/OlYLA1HkZw==}
    engines: {node: '>=14.17'}
    hasBin: true
    dev: true
